
Microsoft Visual Studio Solution File, Format Version 12.00
# Visual Studio Version 17
VisualStudioVersion = 17.3.32825.248
MinimumVisualStudioVersion = 10.0.40219.1
Project("{FAE04EC0-301F-11D3-BF4B-00C04F79EFBC}") = "SocketClient", "SocketClient.csproj", "{14A5CE1D-6E0A-4ED1-B519-68D568D2A8B1}"
EndProject
Global
	GlobalSection(SolutionConfigurationPlatforms) = preSolution
		Debug|Any CPU = Debug|Any CPU
		Release|Any CPU = Release|Any CPU
	EndGlobalSection
	GlobalSection(ProjectConfigurationPlatforms) = postSolution
		{14A5CE1D-6E0A-4ED1-B519-68D568D2A8B1}.Debug|Any CPU.ActiveCfg = Debug|Any CPU
		{14A5CE1D-6E0A-4ED1-B519-68D568D2A8B1}.Debug|Any CPU.Build.0 = Debug|Any CPU
		{14A5CE1D-6E0A-4ED1-B519-68D568D2A8B1}.Release|Any CPU.ActiveCfg = Release|Any CPU
		{14A5CE1D-6E0A-4ED1-B519-68D568D2A8B1}.Release|Any CPU.Build.0 = Release|Any CPU
	EndGlobalSection
	GlobalSection(SolutionProperties) = preSolution
		HideSolutionNode = FALSE
	EndGlobalSection
	GlobalSection(ExtensibilityGlobals) = postSolution
		SolutionGuid = {66A53EDE-0CFF-4C89-BE4D-4EA5DB6FA64F}
	EndGlobalSection
EndGlobal
